// !$*UTF8*$!
{
	archiveVersion = 1;
	classes = {
	};
	objectVersion = 46;
	objects = {

/* Begin PBXBuildFile section */
		6AFCA60A1AD5E65800176DB8 /* AppDelegate.swift in Sources */ = {isa = PBXBuildFile; fileRef = 6AFCA6091AD5E65800176DB8 /* AppDelegate.swift */; };
		6AFCA60C1AD5E65800176DB8 /* ApplicationViewController.swift in Sources */ = {isa = PBXBuildFile; fileRef = 6AFCA60B1AD5E65800176DB8 /* ApplicationViewController.swift */; };
		6AFCA6111AD5E65800176DB8 /* Images.xcassets in Resources */ = {isa = PBXBuildFile; fileRef = 6AFCA6101AD5E65800176DB8 /* Images.xcassets */; };
		6AFCA6201AD5E65800176DB8 /* bosccTests.swift in Sources */ = {isa = PBXBuildFile; fileRef = 6AFCA61F1AD5E65800176DB8 /* bosccTests.swift */; };
		6AFCA62D1AD5EC8100176DB8 /* SplashView.swift in Sources */ = {isa = PBXBuildFile; fileRef = 6AFCA62C1AD5EC8100176DB8 /* SplashView.swift */; };
		6AFCA6301AD5EDC100176DB8 /* ColorModel.swift in Sources */ = {isa = PBXBuildFile; fileRef = 6AFCA62F1AD5EDC100176DB8 /* ColorModel.swift */; };
		6AFCA6321AD5F01600176DB8 /* Default-568h@2x.png in Resources */ = {isa = PBXBuildFile; fileRef = 6AFCA6311AD5F01600176DB8 /* Default-568h@2x.png */; };
		BC66F8591AED772800240115 /* ApiConnection.swift in Sources */ = {isa = PBXBuildFile; fileRef = BC66F8581AED772800240115 /* ApiConnection.swift */; };
		BC66F85B1AED7DDC00240115 /* BosccStudent.swift in Sources */ = {isa = PBXBuildFile; fileRef = BC66F85A1AED7DDC00240115 /* BosccStudent.swift */; };
		BC66F85D1AED8E9700240115 /* SettingsViewController.swift in Sources */ = {isa = PBXBuildFile; fileRef = BC66F85C1AED8E9700240115 /* SettingsViewController.swift */; };
		BC66F8611AED8FA700240115 /* SettingsView.swift in Sources */ = {isa = PBXBuildFile; fileRef = BC66F8601AED8FA700240115 /* SettingsView.swift */; };
		BC68DD8D1AE2D6DE00779E0E /* CourseButton.swift in Sources */ = {isa = PBXBuildFile; fileRef = BC68DD8C1AE2D6DE00779E0E /* CourseButton.swift */; };
		BC68DD931AE3034700779E0E /* texture.jpg in Resources */ = {isa = PBXBuildFile; fileRef = BC68DD921AE3034700779E0E /* texture.jpg */; };
		BC6E7A521ADC98CF007BDF6C /* hamburger.png in Resources */ = {isa = PBXBuildFile; fileRef = BC6E7A511ADC98CF007BDF6C /* hamburger.png */; };
		BC6E7A541ADC9B78007BDF6C /* MenueViewController.swift in Sources */ = {isa = PBXBuildFile; fileRef = BC6E7A531ADC9B78007BDF6C /* MenueViewController.swift */; };
		BCE9B93A1AE1D12F00895A80 /* settingsButton.png in Resources */ = {isa = PBXBuildFile; fileRef = BCE9B9391AE1D12F00895A80 /* settingsButton.png */; };
		BCE9B9561AE1D5ED00895A80 /* back.png in Resources */ = {isa = PBXBuildFile; fileRef = BCE9B9551AE1D5ED00895A80 /* back.png */; };
		BCE9B95A1AE1D83300895A80 /* VizViewController.swift in Sources */ = {isa = PBXBuildFile; fileRef = BCE9B9591AE1D83300895A80 /* VizViewController.swift */; };
		BCE9B95C1AE1D85E00895A80 /* VizView.swift in Sources */ = {isa = PBXBuildFile; fileRef = BCE9B95B1AE1D85E00895A80 /* VizView.swift */; };
		BCE9B95E1AE1D89F00895A80 /* StudentDataModel.swift in Sources */ = {isa = PBXBuildFile; fileRef = BCE9B95D1AE1D89F00895A80 /* StudentDataModel.swift */; };
		BCE9B9601AE1DB1400895A80 /* grph.png in Resources */ = {isa = PBXBuildFile; fileRef = BCE9B95F1AE1DB1400895A80 /* grph.png */; };
		BCF5B2201AE0966000BFA5E2 /* MenueView.swift in Sources */ = {isa = PBXBuildFile; fileRef = BCF5B21F1AE0966000BFA5E2 /* MenueView.swift */; };
/* End PBXBuildFile section */

/* Begin PBXContainerItemProxy section */
		6AFCA61A1AD5E65800176DB8 /* PBXContainerItemProxy */ = {
			isa = PBXContainerItemProxy;
			containerPortal = 6AFCA5FC1AD5E65800176DB8 /* Project object */;
			proxyType = 1;
			remoteGlobalIDString = 6AFCA6031AD5E65800176DB8;
			remoteInfo = boscc;
		};
/* End PBXContainerItemProxy section */

/* Begin PBXFileReference section */
		6AFCA6041AD5E65800176DB8 /* boscc.app */ = {isa = PBXFileReference; explicitFileType = wrapper.application; includeInIndex = 0; path = boscc.app; sourceTree = BUILT_PRODUCTS_DIR; };
		6AFCA6081AD5E65800176DB8 /* Info.plist */ = {isa = PBXFileReference; lastKnownFileType = text.plist.xml; path = Info.plist; sourceTree = "<group>"; };
		6AFCA6091AD5E65800176DB8 /* AppDelegate.swift */ = {isa = PBXFileReference; lastKnownFileType = sourcecode.swift; path = AppDelegate.swift; sourceTree = "<group>"; };
		6AFCA60B1AD5E65800176DB8 /* ApplicationViewController.swift */ = {isa = PBXFileReference; lastKnownFileType = sourcecode.swift; path = ApplicationViewController.swift; sourceTree = "<group>"; };
		6AFCA6101AD5E65800176DB8 /* Images.xcassets */ = {isa = PBXFileReference; lastKnownFileType = folder.assetcatalog; path = Images.xcassets; sourceTree = "<group>"; };
		6AFCA6191AD5E65800176DB8 /* bosccTests.xctest */ = {isa = PBXFileReference; explicitFileType = wrapper.cfbundle; includeInIndex = 0; path = bosccTests.xctest; sourceTree = BUILT_PRODUCTS_DIR; };
		6AFCA61E1AD5E65800176DB8 /* Info.plist */ = {isa = PBXFileReference; lastKnownFileType = text.plist.xml; path = Info.plist; sourceTree = "<group>"; };
		6AFCA61F1AD5E65800176DB8 /* bosccTests.swift */ = {isa = PBXFileReference; lastKnownFileType = sourcecode.swift; path = bosccTests.swift; sourceTree = "<group>"; };
		6AFCA62C1AD5EC8100176DB8 /* SplashView.swift */ = {isa = PBXFileReference; fileEncoding = 4; lastKnownFileType = sourcecode.swift; path = SplashView.swift; sourceTree = "<group>"; };
		6AFCA62F1AD5EDC100176DB8 /* ColorModel.swift */ = {isa = PBXFileReference; fileEncoding = 4; lastKnownFileType = sourcecode.swift; path = ColorModel.swift; sourceTree = "<group>"; };
		6AFCA6311AD5F01600176DB8 /* Default-568h@2x.png */ = {isa = PBXFileReference; lastKnownFileType = image.png; path = "Default-568h@2x.png"; sourceTree = "<group>"; };
		BC66F8581AED772800240115 /* ApiConnection.swift */ = {isa = PBXFileReference; fileEncoding = 4; lastKnownFileType = sourcecode.swift; path = ApiConnection.swift; sourceTree = "<group>"; };
		BC66F85A1AED7DDC00240115 /* BosccStudent.swift */ = {isa = PBXFileReference; fileEncoding = 4; lastKnownFileType = sourcecode.swift; path = BosccStudent.swift; sourceTree = "<group>"; };
		BC66F85C1AED8E9700240115 /* SettingsViewController.swift */ = {isa = PBXFileReference; fileEncoding = 4; lastKnownFileType = sourcecode.swift; path = SettingsViewController.swift; sourceTree = "<group>"; };
		BC66F8601AED8FA700240115 /* SettingsView.swift */ = {isa = PBXFileReference; fileEncoding = 4; lastKnownFileType = sourcecode.swift; path = SettingsView.swift; sourceTree = "<group>"; };
		BC68DD8C1AE2D6DE00779E0E /* CourseButton.swift */ = {isa = PBXFileReference; fileEncoding = 4; lastKnownFileType = sourcecode.swift; path = CourseButton.swift; sourceTree = "<group>"; };
		BC68DD921AE3034700779E0E /* texture.jpg */ = {isa = PBXFileReference; lastKnownFileType = image.jpeg; name = texture.jpg; path = boscc/texture.jpg; sourceTree = "<group>"; };
		BC6E7A511ADC98CF007BDF6C /* hamburger.png */ = {isa = PBXFileReference; lastKnownFileType = image.png; name = hamburger.png; path = boscc/hamburger.png; sourceTree = "<group>"; };
		BC6E7A531ADC9B78007BDF6C /* MenueViewController.swift */ = {isa = PBXFileReference; fileEncoding = 4; lastKnownFileType = sourcecode.swift; path = MenueViewController.swift; sourceTree = "<group>"; };
		BCE9B9391AE1D12F00895A80 /* settingsButton.png */ = {isa = PBXFileReference; lastKnownFileType = image.png; name = settingsButton.png; path = boscc/settingsButton.png; sourceTree = "<group>"; };
		BCE9B9551AE1D5ED00895A80 /* back.png */ = {isa = PBXFileReference; lastKnownFileType = image.png; name = back.png; path = boscc/back.png; sourceTree = "<group>"; };
		BCE9B9591AE1D83300895A80 /* VizViewController.swift */ = {isa = PBXFileReference; fileEncoding = 4; lastKnownFileType = sourcecode.swift; path = VizViewController.swift; sourceTree = "<group>"; };
		BCE9B95B1AE1D85E00895A80 /* VizView.swift */ = {isa = PBXFileReference; fileEncoding = 4; lastKnownFileType = sourcecode.swift; path = VizView.swift; sourceTree = "<group>"; };
		BCE9B95D1AE1D89F00895A80 /* StudentDataModel.swift */ = {isa = PBXFileReference; fileEncoding = 4; lastKnownFileType = sourcecode.swift; path = StudentDataModel.swift; sourceTree = "<group>"; };
		BCE9B95F1AE1DB1400895A80 /* grph.png */ = {isa = PBXFileReference; lastKnownFileType = image.png; name = grph.png; path = boscc/grph.png; sourceTree = "<group>"; };
		BCF5B21F1AE0966000BFA5E2 /* MenueView.swift */ = {isa = PBXFileReference; fileEncoding = 4; lastKnownFileType = sourcecode.swift; path = MenueView.swift; sourceTree = "<group>"; };
/* End PBXFileReference section */

/* Begin PBXFrameworksBuildPhase section */
		6AFCA6011AD5E65800176DB8 /* Frameworks */ = {
			isa = PBXFrameworksBuildPhase;
			buildActionMask = 2147483647;
			files = (
			);
			runOnlyForDeploymentPostprocessing = 0;
		};
		6AFCA6161AD5E65800176DB8 /* Frameworks */ = {
			isa = PBXFrameworksBuildPhase;
			buildActionMask = 2147483647;
			files = (
			);
			runOnlyForDeploymentPostprocessing = 0;
		};
/* End PBXFrameworksBuildPhase section */

/* Begin PBXGroup section */
		6AFCA5FB1AD5E65800176DB8 = {
			isa = PBXGroup;
			children = (
				BC68DD921AE3034700779E0E /* texture.jpg */,
				BCE9B95F1AE1DB1400895A80 /* grph.png */,
				BCE9B9551AE1D5ED00895A80 /* back.png */,
				BCE9B9391AE1D12F00895A80 /* settingsButton.png */,
				6AFCA6311AD5F01600176DB8 /* Default-568h@2x.png */,
				BC6E7A511ADC98CF007BDF6C /* hamburger.png */,
				6AFCA6061AD5E65800176DB8 /* boscc */,
				6AFCA61C1AD5E65800176DB8 /* bosccTests */,
				6AFCA6051AD5E65800176DB8 /* Products */,
			);
			sourceTree = "<group>";
		};
		6AFCA6051AD5E65800176DB8 /* Products */ = {
			isa = PBXGroup;
			children = (
				6AFCA6041AD5E65800176DB8 /* boscc.app */,
				6AFCA6191AD5E65800176DB8 /* bosccTests.xctest */,
			);
			name = Products;
			sourceTree = "<group>";
		};
		6AFCA6061AD5E65800176DB8 /* boscc */ = {
			isa = PBXGroup;
			children = (
				6AFCA6291AD5EC2600176DB8 /* AppStart */,
				6AFCA62A1AD5EC3B00176DB8 /* Controllers */,
				6AFCA62E1AD5ED9B00176DB8 /* Models */,
				6AFCA62B1AD5EC4700176DB8 /* Views */,
				6AFCA6101AD5E65800176DB8 /* Images.xcassets */,
				6AFCA6071AD5E65800176DB8 /* Supporting Files */,
			);
			path = boscc;
			sourceTree = "<group>";
		};
		6AFCA6071AD5E65800176DB8 /* Supporting Files */ = {
			isa = PBXGroup;
			children = (
				6AFCA6081AD5E65800176DB8 /* Info.plist */,
			);
			name = "Supporting Files";
			sourceTree = "<group>";
		};
		6AFCA61C1AD5E65800176DB8 /* bosccTests */ = {
			isa = PBXGroup;
			children = (
				6AFCA61F1AD5E65800176DB8 /* bosccTests.swift */,
				6AFCA61D1AD5E65800176DB8 /* Supporting Files */,
			);
			path = bosccTests;
			sourceTree = "<group>";
		};
		6AFCA61D1AD5E65800176DB8 /* Supporting Files */ = {
			isa = PBXGroup;
			children = (
				6AFCA61E1AD5E65800176DB8 /* Info.plist */,
			);
			name = "Supporting Files";
			sourceTree = "<group>";
		};
		6AFCA6291AD5EC2600176DB8 /* AppStart */ = {
			isa = PBXGroup;
			children = (
				6AFCA6091AD5E65800176DB8 /* AppDelegate.swift */,
			);
			name = AppStart;
			sourceTree = "<group>";
		};
		6AFCA62A1AD5EC3B00176DB8 /* Controllers */ = {
			isa = PBXGroup;
			children = (
				6AFCA60B1AD5E65800176DB8 /* ApplicationViewController.swift */,
				BC6E7A531ADC9B78007BDF6C /* MenueViewController.swift */,
				BCE9B9591AE1D83300895A80 /* VizViewController.swift */,
				BC66F85C1AED8E9700240115 /* SettingsViewController.swift */,
			);
			name = Controllers;
			sourceTree = "<group>";
		};
		6AFCA62B1AD5EC4700176DB8 /* Views */ = {
			isa = PBXGroup;
			children = (
				6AFCA62C1AD5EC8100176DB8 /* SplashView.swift */,
				BCF5B21F1AE0966000BFA5E2 /* MenueView.swift */,
				BCE9B95B1AE1D85E00895A80 /* VizView.swift */,
				BC68DD8C1AE2D6DE00779E0E /* CourseButton.swift */,
				BC66F8601AED8FA700240115 /* SettingsView.swift */,
			);
			name = Views;
			sourceTree = "<group>";
		};
		6AFCA62E1AD5ED9B00176DB8 /* Models */ = {
			isa = PBXGroup;
			children = (
				6AFCA62F1AD5EDC100176DB8 /* ColorModel.swift */,
				BCE9B95D1AE1D89F00895A80 /* StudentDataModel.swift */,
				BC66F8581AED772800240115 /* ApiConnection.swift */,
				BC66F85A1AED7DDC00240115 /* BosccStudent.swift */,
			);
			name = Models;
			sourceTree = "<group>";
		};
/* End PBXGroup section */

/* Begin PBXNativeTarget section */
		6AFCA6031AD5E65800176DB8 /* boscc */ = {
			isa = PBXNativeTarget;
			buildConfigurationList = 6AFCA6231AD5E65800176DB8 /* Build configuration list for PBXNativeTarget "boscc" */;
			buildPhases = (
				6AFCA6001AD5E65800176DB8 /* Sources */,
				6AFCA6011AD5E65800176DB8 /* Frameworks */,
				6AFCA6021AD5E65800176DB8 /* Resources */,
			);
			buildRules = (
			);
			dependencies = (
			);
			name = boscc;
			productName = boscc;
			productReference = 6AFCA6041AD5E65800176DB8 /* boscc.app */;
			productType = "com.apple.product-type.application";
		};
		6AFCA6181AD5E65800176DB8 /* bosccTests */ = {
			isa = PBXNativeTarget;
			buildConfigurationList = 6AFCA6261AD5E65800176DB8 /* Build configuration list for PBXNativeTarget "bosccTests" */;
			buildPhases = (
				6AFCA6151AD5E65800176DB8 /* Sources */,
				6AFCA6161AD5E65800176DB8 /* Frameworks */,
				6AFCA6171AD5E65800176DB8 /* Resources */,
			);
			buildRules = (
			);
			dependencies = (
				6AFCA61B1AD5E65800176DB8 /* PBXTargetDependency */,
			);
			name = bosccTests;
			productName = bosccTests;
			productReference = 6AFCA6191AD5E65800176DB8 /* bosccTests.xctest */;
			productType = "com.apple.product-type.bundle.unit-test";
		};
/* End PBXNativeTarget section */

/* Begin PBXProject section */
		6AFCA5FC1AD5E65800176DB8 /* Project object */ = {
			isa = PBXProject;
			attributes = {
				LastUpgradeCheck = 0620;
				ORGANIZATIONNAME = u0658884;
				TargetAttributes = {
					6AFCA6031AD5E65800176DB8 = {
						CreatedOnToolsVersion = 6.2;
					};
					6AFCA6181AD5E65800176DB8 = {
						CreatedOnToolsVersion = 6.2;
						TestTargetID = 6AFCA6031AD5E65800176DB8;
					};
				};
			};
			buildConfigurationList = 6AFCA5FF1AD5E65800176DB8 /* Build configuration list for PBXProject "boscc" */;
			compatibilityVersion = "Xcode 3.2";
			developmentRegion = English;
			hasScannedForEncodings = 0;
			knownRegions = (
				en,
				Base,
			);
			mainGroup = 6AFCA5FB1AD5E65800176DB8;
			productRefGroup = 6AFCA6051AD5E65800176DB8 /* Products */;
			projectDirPath = "";
			projectRoot = "";
			targets = (
				6AFCA6031AD5E65800176DB8 /* boscc */,
				6AFCA6181AD5E65800176DB8 /* bosccTests */,
			);
		};
/* End PBXProject section */

/* Begin PBXResourcesBuildPhase section */
		6AFCA6021AD5E65800176DB8 /* Resources */ = {
			isa = PBXResourcesBuildPhase;
			buildActionMask = 2147483647;
			files = (
				BC6E7A521ADC98CF007BDF6C /* hamburger.png in Resources */,
				BC68DD931AE3034700779E0E /* texture.jpg in Resources */,
				BCE9B9561AE1D5ED00895A80 /* back.png in Resources */,
				BCE9B9601AE1DB1400895A80 /* grph.png in Resources */,
				BCE9B93A1AE1D12F00895A80 /* settingsButton.png in Resources */,
				6AFCA6111AD5E65800176DB8 /* Images.xcassets in Resources */,
				6AFCA6321AD5F01600176DB8 /* Default-568h@2x.png in Resources */,
			);
			runOnlyForDeploymentPostprocessing = 0;
		};
		6AFCA6171AD5E65800176DB8 /* Resources */ = {
			isa = PBXResourcesBuildPhase;
			buildActionMask = 2147483647;
			files = (
			);
			runOnlyForDeploymentPostprocessing = 0;
		};
/* End PBXResourcesBuildPhase section */

/* Begin PBXSourcesBuildPhase section */
		6AFCA6001AD5E65800176DB8 /* Sources */ = {
			isa = PBXSourcesBuildPhase;
			buildActionMask = 2147483647;
			files = (
				BC6E7A541ADC9B78007BDF6C /* MenueViewController.swift in Sources */,
				BCE9B95A1AE1D83300895A80 /* VizViewController.swift in Sources */,
				BC66F85B1AED7DDC00240115 /* BosccStudent.swift in Sources */,
				BCF5B2201AE0966000BFA5E2 /* MenueView.swift in Sources */,
				6AFCA60C1AD5E65800176DB8 /* ApplicationViewController.swift in Sources */,
				BC68DD8D1AE2D6DE00779E0E /* CourseButton.swift in Sources */,
				BCE9B95E1AE1D89F00895A80 /* StudentDataModel.swift in Sources */,
				BC66F8611AED8FA700240115 /* SettingsView.swift in Sources */,
				BCE9B95C1AE1D85E00895A80 /* VizView.swift in Sources */,
				6AFCA60A1AD5E65800176DB8 /* AppDelegate.swift in Sources */,
				BC66F8591AED772800240115 /* ApiConnection.swift in Sources */,
				BC66F85D1AED8E9700240115 /* SettingsViewController.swift in Sources */,
				6AFCA62D1AD5EC8100176DB8 /* SplashView.swift in Sources */,
				6AFCA6301AD5EDC100176DB8 /* ColorModel.swift in Sources */,
			);
			runOnlyForDeploymentPostprocessing = 0;
		};
		6AFCA6151AD5E65800176DB8 /* Sources */ = {
			isa = PBXSourcesBuildPhase;
			buildActionMask = 2147483647;
			files = (
				6AFCA6201AD5E65800176DB8 /* bosccTests.swift in Sources */,
			);
			runOnlyForDeploymentPostprocessing = 0;
		};
/* End PBXSourcesBuildPhase section */

/* Begin PBXTargetDependency section */
		6AFCA61B1AD5E65800176DB8 /* PBXTargetDependency */ = {
			isa = PBXTargetDependency;
			target = 6AFCA6031AD5E65800176DB8 /* boscc */;
			targetProxy = 6AFCA61A1AD5E65800176DB8 /* PBXContainerItemProxy */;
		};
/* End PBXTargetDependency section */

/* Begin XCBuildConfiguration section */
		6AFCA6211AD5E65800176DB8 /* Debug */ = {
			isa = XCBuildConfiguration;
			buildSettings = {
				ALWAYS_SEARCH_USER_PATHS = NO;
				CLANG_CXX_LANGUAGE_STANDARD = "gnu++0x";
				CLANG_CXX_LIBRARY = "libc++";
				CLANG_ENABLE_MODULES = YES;
				CLANG_ENABLE_OBJC_ARC = YES;
				CLANG_WARN_BOOL_CONVERSION = YES;
				CLANG_WARN_CONSTANT_CONVERSION = YES;
				CLANG_WARN_DIRECT_OBJC_ISA_USAGE = YES_ERROR;
				CLANG_WARN_EMPTY_BODY = YES;
				CLANG_WARN_ENUM_CONVERSION = YES;
				CLANG_WARN_INT_CONVERSION = YES;
				CLANG_WARN_OBJC_ROOT_CLASS = YES_ERROR;
				CLANG_WARN_UNREACHABLE_CODE = YES;
				CLANG_WARN__DUPLICATE_METHOD_MATCH = YES;
				"CODE_SIGN_IDENTITY[sdk=iphoneos*]" = "iPhone Developer";
				COPY_PHASE_STRIP = NO;
				ENABLE_STRICT_OBJC_MSGSEND = YES;
				GCC_C_LANGUAGE_STANDARD = gnu99;
				GCC_DYNAMIC_NO_PIC = NO;
				GCC_OPTIMIZATION_LEVEL = 0;
				GCC_PREPROCESSOR_DEFINITIONS = (
					"DEBUG=1",
					"$(inherited)",
				);
				GCC_SYMBOLS_PRIVATE_EXTERN = NO;
				GCC_WARN_64_TO_32_BIT_CONVERSION = YES;
				GCC_WARN_ABOUT_RETURN_TYPE = YES_ERROR;
				GCC_WARN_UNDECLARED_SELECTOR = YES;
				GCC_WARN_UNINITIALIZED_AUTOS = YES_AGGRESSIVE;
				GCC_WARN_UNUSED_FUNCTION = YES;
				GCC_WARN_UNUSED_VARIABLE = YES;
				IPHONEOS_DEPLOYMENT_TARGET = 8.2;
				MTL_ENABLE_DEBUG_INFO = YES;
				ONLY_ACTIVE_ARCH = YES;
				SDKROOT = iphoneos;
				SWIFT_OPTIMIZATION_LEVEL = "-Onone";
				TARGETED_DEVICE_FAMILY = "1,2";
			};
			name = Debug;
		};
		6AFCA6221AD5E65800176DB8 /* Release */ = {
			isa = XCBuildConfiguration;
			buildSettings = {
				ALWAYS_SEARCH_USER_PATHS = NO;
				CLANG_CXX_LANGUAGE_STANDARD = "gnu++0x";
				CLANG_CXX_LIBRARY = "libc++";
				CLANG_ENABLE_MODULES = YES;
				CLANG_ENABLE_OBJC_ARC = YES;
				CLANG_WARN_BOOL_CONVERSION = YES;
				CLANG_WARN_CONSTANT_CONVERSION = YES;
				CLANG_WARN_DIRECT_OBJC_ISA_USAGE = YES_ERROR;
				CLANG_WARN_EMPTY_BODY = YES;
				CLANG_WARN_ENUM_CONVERSION = YES;
				CLANG_WARN_INT_CONVERSION = YES;
				CLANG_WARN_OBJC_ROOT_CLASS = YES_ERROR;
				CLANG_WARN_UNREACHABLE_CODE = YES;
				CLANG_WARN__DUPLICATE_METHOD_MATCH = YES;
				"CODE_SIGN_IDENTITY[sdk=iphoneos*]" = "iPhone Developer";
				COPY_PHASE_STRIP = NO;
				ENABLE_NS_ASSERTIONS = NO;
				ENABLE_STRICT_OBJC_MSGSEND = YES;
				GCC_C_LANGUAGE_STANDARD = gnu99;
				GCC_WARN_64_TO_32_BIT_CONVERSION = YES;
				GCC_WARN_ABOUT_RETURN_TYPE = YES_ERROR;
				GCC_WARN_UNDECLARED_SELECTOR = YES;
				GCC_WARN_UNINITIALIZED_AUTOS = YES_AGGRESSIVE;
				GCC_WARN_UNUSED_FUNCTION = YES;
				GCC_WARN_UNUSED_VARIABLE = YES;
				IPHONEOS_DEPLOYMENT_TARGET = 8.2;
				MTL_ENABLE_DEBUG_INFO = NO;
				SDKROOT = iphoneos;
				TARGETED_DEVICE_FAMILY = "1,2";
				VALIDATE_PRODUCT = YES;
			};
			name = Release;
		};
		6AFCA6241AD5E65800176DB8 /* Debug */ = {
			isa = XCBuildConfiguration;
			buildSettings = {
				ASSETCATALOG_COMPILER_APPICON_NAME = AppIcon;
				INFOPLIST_FILE = boscc/Info.plist;
				IPHONEOS_DEPLOYMENT_TARGET = 8.0;
				LD_RUNPATH_SEARCH_PATHS = "$(inherited) @executable_path/Frameworks";
				PRODUCT_NAME = "$(TARGET_NAME)";
				TARGETED_DEVICE_FAMILY = "1,2";
			};
			name = Debug;
		};
		6AFCA6251AD5E65800176DB8 /* Release */ = {
			isa = XCBuildConfiguration;
			buildSettings = {
				ASSETCATALOG_COMPILER_APPICON_NAME = AppIcon;
				INFOPLIST_FILE = boscc/Info.plist;
				IPHONEOS_DEPLOYMENT_TARGET = 8.0;
				LD_RUNPATH_SEARCH_PATHS = "$(inherited) @executable_path/Frameworks";
				PRODUCT_NAME = "$(TARGET_NAME)";
				TARGETED_DEVICE_FAMILY = "1,2";
			};
			name = Release;
		};
		6AFCA6271AD5E65800176DB8 /* Debug */ = {
			isa = XCBuildConfiguration;
			buildSettings = {
				BUNDLE_LOADER = "$(TEST_HOST)";
				FRAMEWORK_SEARCH_PATHS = (
					"$(SDKROOT)/Developer/Library/Frameworks",
					"$(inherited)",
				);
				GCC_PREPROCESSOR_DEFINITIONS = (
					"DEBUG=1",
					"$(inherited)",
				);
				INFOPLIST_FILE = bosccTests/Info.plist;
				LD_RUNPATH_SEARCH_PATHS = "$(inherited) @executable_path/Frameworks @loader_path/Frameworks";
				PRODUCT_NAME = "$(TARGET_NAME)";
				TEST_HOST = "$(BUILT_PRODUCTS_DIR)/boscc.app/boscc";
			};
			name = Debug;
		};
		6AFCA6281AD5E65800176DB8 /* Release */ = {
			isa = XCBuildConfiguration;
			buildSettings = {
				BUNDLE_LOADER = "$(TEST_HOST)";
				FRAMEWORK_SEARCH_PATHS = (
					"$(SDKROOT)/Developer/Library/Frameworks",
					"$(inherited)",
				);
				INFOPLIST_FILE = bosccTests/Info.plist;
				LD_RUNPATH_SEARCH_PATHS = "$(inherited) @executable_path/Frameworks @loader_path/Frameworks";
				PRODUCT_NAME = "$(TARGET_NAME)";
				TEST_HOST = "$(BUILT_PRODUCTS_DIR)/boscc.app/boscc";
			};
			name = Release;
		};
/* End XCBuildConfiguration section */

/* Begin XCConfigurationList section */
		6AFCA5FF1AD5E65800176DB8 /* Build configuration list for PBXProject "boscc" */ = {
			isa = XCConfigurationList;
			buildConfigurations = (
				6AFCA6211AD5E65800176DB8 /* Debug */,
				6AFCA6221AD5E65800176DB8 /* Release */,
			);
			defaultConfigurationIsVisible = 0;
			defaultConfigurationName = Release;
		};
		6AFCA6231AD5E65800176DB8 /* Build configuration list for PBXNativeTarget "boscc" */ = {
			isa = XCConfigurationList;
			buildConfigurations = (
				6AFCA6241AD5E65800176DB8 /* Debug */,
				6AFCA6251AD5E65800176DB8 /* Release */,
			);
			defaultConfigurationIsVisible = 0;
			defaultConfigurationName = Release;
		};
		6AFCA6261AD5E65800176DB8 /* Build configuration list for PBXNativeTarget "bosccTests" */ = {
			isa = XCConfigurationList;
			buildConfigurations = (
				6AFCA6271AD5E65800176DB8 /* Debug */,
				6AFCA6281AD5E65800176DB8 /* Release */,
			);
			defaultConfigurationIsVisible = 0;
			defaultConfigurationName = Release;
		};
/* End XCConfigurationList section */
	};
	rootObject = 6AFCA5FC1AD5E65800176DB8 /* Project object */;
}
